// !$*UTF8*$!
{
	archiveVersion = 1;
	classes = {
	};
	objectVersion = 50;
	objects = {

/* Begin PBXBuildFile section */
		456C11CA23D5C93A006A7176 /* AppDelegate.swift in Sources */ = {isa = PBXBuildFile; fileRef = 456C11C923D5C93A006A7176 /* AppDelegate.swift */; };
		456C11CC23D5C93A006A7176 /* SceneDelegate.swift in Sources */ = {isa = PBXBuildFile; fileRef = 456C11CB23D5C93A006A7176 /* SceneDelegate.swift */; };
		456C11CE23D5C93A006A7176 /* PhotoListViewController.swift in Sources */ = {isa = PBXBuildFile; fileRef = 456C11CD23D5C93A006A7176 /* PhotoListViewController.swift */; };
		456C11D123D5C93A006A7176 /* PhotoListViewController.storyboard in Resources */ = {isa = PBXBuildFile; fileRef = 456C11CF23D5C93A006A7176 /* PhotoListViewController.storyboard */; };
		456C11D323D5C93D006A7176 /* Assets.xcassets in Resources */ = {isa = PBXBuildFile; fileRef = 456C11D223D5C93D006A7176 /* Assets.xcassets */; };
		456C11D623D5C93D006A7176 /* LaunchScreen.storyboard in Resources */ = {isa = PBXBuildFile; fileRef = 456C11D423D5C93D006A7176 /* LaunchScreen.storyboard */; };
		456C11E223D9D1C7006A7176 /* PhotoService.swift in Sources */ = {isa = PBXBuildFile; fileRef = 456C11E123D9D1C7006A7176 /* PhotoService.swift */; };
		45E006A723DC528800747887 /* PhotoListLayout.swift in Sources */ = {isa = PBXBuildFile; fileRef = 45E006A623DC528800747887 /* PhotoListLayout.swift */; };
		45E006AA23DC535900747887 /* PhotoListCell.swift in Sources */ = {isa = PBXBuildFile; fileRef = 45E006A823DC535900747887 /* PhotoListCell.swift */; };
		45E006AB23DC535900747887 /* PhotoListCell.xib in Resources */ = {isa = PBXBuildFile; fileRef = 45E006A923DC535900747887 /* PhotoListCell.xib */; };
/* End PBXBuildFile section */

/* Begin PBXFileReference section */
		456C11C623D5C93A006A7176 /* CompositionalLayout-Basic-Sample.app */ = {isa = PBXFileReference; explicitFileType = wrapper.application; includeInIndex = 0; path = "CompositionalLayout-Basic-Sample.app"; sourceTree = BUILT_PRODUCTS_DIR; };
		456C11C923D5C93A006A7176 /* AppDelegate.swift */ = {isa = PBXFileReference; lastKnownFileType = sourcecode.swift; path = AppDelegate.swift; sourceTree = "<group>"; };
		456C11CB23D5C93A006A7176 /* SceneDelegate.swift */ = {isa = PBXFileReference; lastKnownFileType = sourcecode.swift; path = SceneDelegate.swift; sourceTree = "<group>"; };
		456C11CD23D5C93A006A7176 /* PhotoListViewController.swift */ = {isa = PBXFileReference; lastKnownFileType = sourcecode.swift; path = PhotoListViewController.swift; sourceTree = "<group>"; };
		456C11D023D5C93A006A7176 /* Base */ = {isa = PBXFileReference; lastKnownFileType = file.storyboard; name = Base; path = Base.lproj/PhotoListViewController.storyboard; sourceTree = "<group>"; };
		456C11D223D5C93D006A7176 /* Assets.xcassets */ = {isa = PBXFileReference; lastKnownFileType = folder.assetcatalog; path = Assets.xcassets; sourceTree = "<group>"; };
		456C11D523D5C93D006A7176 /* Base */ = {isa = PBXFileReference; lastKnownFileType = file.storyboard; name = Base; path = Base.lproj/LaunchScreen.storyboard; sourceTree = "<group>"; };
		456C11D723D5C93D006A7176 /* Info.plist */ = {isa = PBXFileReference; lastKnownFileType = text.plist.xml; path = Info.plist; sourceTree = "<group>"; };
		456C11E123D9D1C7006A7176 /* PhotoService.swift */ = {isa = PBXFileReference; lastKnownFileType = sourcecode.swift; path = PhotoService.swift; sourceTree = "<group>"; };
		45E006A623DC528800747887 /* PhotoListLayout.swift */ = {isa = PBXFileReference; lastKnownFileType = sourcecode.swift; path = PhotoListLayout.swift; sourceTree = "<group>"; };
		45E006A823DC535900747887 /* PhotoListCell.swift */ = {isa = PBXFileReference; lastKnownFileType = sourcecode.swift; path = PhotoListCell.swift; sourceTree = "<group>"; };
		45E006A923DC535900747887 /* PhotoListCell.xib */ = {isa = PBXFileReference; lastKnownFileType = file.xib; path = PhotoListCell.xib; sourceTree = "<group>"; };
/* End PBXFileReference section */

/* Begin PBXFrameworksBuildPhase section */
		456C11C323D5C93A006A7176 /* Frameworks */ = {
			isa = PBXFrameworksBuildPhase;
			buildActionMask = 2147483647;
			files = (
			);
			runOnlyForDeploymentPostprocessing = 0;
		};
/* End PBXFrameworksBuildPhase section */

/* Begin PBXGroup section */
		456C11BD23D5C93A006A7176 = {
			isa = PBXGroup;
			children = (
				456C11C823D5C93A006A7176 /* CompositionalLayout-Basic-Sample */,
				456C11C723D5C93A006A7176 /* Products */,
			);
			sourceTree = "<group>";
		};
		456C11C723D5C93A006A7176 /* Products */ = {
			isa = PBXGroup;
			children = (
				456C11C623D5C93A006A7176 /* CompositionalLayout-Basic-Sample.app */,
			);
			name = Products;
			sourceTree = "<group>";
		};
		456C11C823D5C93A006A7176 /* CompositionalLayout-Basic-Sample */ = {
			isa = PBXGroup;
			children = (
				456C11E023D9D01A006A7176 /* Model */,
				456C11DF23D9D016006A7176 /* View */,
				456C11DE23D9D007006A7176 /* Controller */,
				456C11DD23D9D003006A7176 /* Other */,
			);
			path = "CompositionalLayout-Basic-Sample";
			sourceTree = "<group>";
		};
		456C11DD23D9D003006A7176 /* Other */ = {
			isa = PBXGroup;
			children = (
				456C11C923D5C93A006A7176 /* AppDelegate.swift */,
				456C11CB23D5C93A006A7176 /* SceneDelegate.swift */,
				456C11D223D5C93D006A7176 /* Assets.xcassets */,
				456C11D423D5C93D006A7176 /* LaunchScreen.storyboard */,
				456C11D723D5C93D006A7176 /* Info.plist */,
			);
			path = Other;
			sourceTree = "<group>";
		};
		456C11DE23D9D007006A7176 /* Controller */ = {
			isa = PBXGroup;
			children = (
				456C11CD23D5C93A006A7176 /* PhotoListViewController.swift */,
				456C11CF23D5C93A006A7176 /* PhotoListViewController.storyboard */,
			);
			path = Controller;
			sourceTree = "<group>";
		};
		456C11DF23D9D016006A7176 /* View */ = {
			isa = PBXGroup;
			children = (
				45E006A623DC528800747887 /* PhotoListLayout.swift */,
				45E006A823DC535900747887 /* PhotoListCell.swift */,
				45E006A923DC535900747887 /* PhotoListCell.xib */,
			);
			path = View;
			sourceTree = "<group>";
		};
		456C11E023D9D01A006A7176 /* Model */ = {
			isa = PBXGroup;
			children = (
				456C11E123D9D1C7006A7176 /* PhotoService.swift */,
			);
			path = Model;
			sourceTree = "<group>";
		};
/* End PBXGroup section */

/* Begin PBXNativeTarget section */
		456C11C523D5C93A006A7176 /* CompositionalLayout-Basic-Sample */ = {
			isa = PBXNativeTarget;
			buildConfigurationList = 456C11DA23D5C93D006A7176 /* Build configuration list for PBXNativeTarget "CompositionalLayout-Basic-Sample" */;
			buildPhases = (
				456C11C223D5C93A006A7176 /* Sources */,
				456C11C323D5C93A006A7176 /* Frameworks */,
				456C11C423D5C93A006A7176 /* Resources */,
			);
			buildRules = (
			);
			dependencies = (
			);
			name = "CompositionalLayout-Basic-Sample";
			productName = "CompositionalLayout-Basic-Sample";
			productReference = 456C11C623D5C93A006A7176 /* CompositionalLayout-Basic-Sample.app */;
			productType = "com.apple.product-type.application";
		};
/* End PBXNativeTarget section */

/* Begin PBXProject section */
		456C11BE23D5C93A006A7176 /* Project object */ = {
			isa = PBXProject;
			attributes = {
				LastSwiftUpdateCheck = 1130;
				LastUpgradeCheck = 1130;
				ORGANIZATIONNAME = kawaharadai;
				TargetAttributes = {
					456C11C523D5C93A006A7176 = {
						CreatedOnToolsVersion = 11.3.1;
					};
				};
			};
			buildConfigurationList = 456C11C123D5C93A006A7176 /* Build configuration list for PBXProject "CompositionalLayout-Basic-Sample" */;
			compatibilityVersion = "Xcode 9.3";
			developmentRegion = en;
			hasScannedForEncodings = 0;
			knownRegions = (
				en,
				Base,
			);
			mainGroup = 456C11BD23D5C93A006A7176;
			productRefGroup = 456C11C723D5C93A006A7176 /* Products */;
			projectDirPath = "";
			projectRoot = "";
			targets = (
				456C11C523D5C93A006A7176 /* CompositionalLayout-Basic-Sample */,
			);
		};
/* End PBXProject section */

/* Begin PBXResourcesBuildPhase section */
		456C11C423D5C93A006A7176 /* Resources */ = {
			isa = PBXResourcesBuildPhase;
			buildActionMask = 2147483647;
			files = (
				456C11D623D5C93D006A7176 /* LaunchScreen.storyboard in Resources */,
				456C11D323D5C93D006A7176 /* Assets.xcassets in Resources */,
				45E006AB23DC535900747887 /* PhotoListCell.xib in Resources */,
				456C11D123D5C93A006A7176 /* PhotoListViewController.storyboard in Resources */,
			);
			runOnlyForDeploymentPostprocessing = 0;
		};
/* End PBXResourcesBuildPhase section */

/* Begin PBXSourcesBuildPhase section */
		456C11C223D5C93A006A7176 /* Sources */ = {
			isa = PBXSourcesBuildPhase;
			buildActionMask = 2147483647;
			files = (
				456C11E223D9D1C7006A7176 /* PhotoService.swift in Sources */,
				456C11CE23D5C93A006A7176 /* PhotoListViewController.swift in Sources */,
				45E006AA23DC535900747887 /* PhotoListCell.swift in Sources */,
				456C11CA23D5C93A006A7176 /* AppDelegate.swift in Sources */,
				45E006A723DC528800747887 /* PhotoListLayout.swift in Sources */,
				456C11CC23D5C93A006A7176 /* SceneDelegate.swift in Sources */,
			);
			runOnlyForDeploymentPostprocessing = 0;
		};
/* End PBXSourcesBuildPhase section */

/* Begin PBXVariantGroup section */
		456C11CF23D5C93A006A7176 /* PhotoListViewController.storyboard */ = {
			isa = PBXVariantGroup;
			children = (
				456C11D023D5C93A006A7176 /* Base */,
			);
			name = PhotoListViewController.storyboard;
			sourceTree = "<group>";
		};
		456C11D423D5C93D006A7176 /* LaunchScreen.storyboard */ = {
			isa = PBXVariantGroup;
			children = (
				456C11D523D5C93D006A7176 /* Base */,
			);
			name = LaunchScreen.storyboard;
			sourceTree = "<group>";
		};
/* End PBXVariantGroup section */

/* Begin XCBuildConfiguration section */
		456C11D823D5C93D006A7176 /* Debug */ = {
			isa = XCBuildConfiguration;
			buildSettings = {
				ALWAYS_SEARCH_USER_PATHS = NO;
				CLANG_ANALYZER_NONNULL = YES;
				CLANG_ANALYZER_NUMBER_OBJECT_CONVERSION = YES_AGGRESSIVE;
				CLANG_CXX_LANGUAGE_STANDARD = "gnu++14";
				CLANG_CXX_LIBRARY = "libc++";
				CLANG_ENABLE_MODULES = YES;
				CLANG_ENABLE_OBJC_ARC = YES;
				CLANG_ENABLE_OBJC_WEAK = YES;
				CLANG_WARN_BLOCK_CAPTURE_AUTORELEASING = YES;
				CLANG_WARN_BOOL_CONVERSION = YES;
				CLANG_WARN_COMMA = YES;
				CLANG_WARN_CONSTANT_CONVERSION = YES;
				CLANG_WARN_DEPRECATED_OBJC_IMPLEMENTATIONS = YES;
				CLANG_WARN_DIRECT_OBJC_ISA_USAGE = YES_ERROR;
				CLANG_WARN_DOCUMENTATION_COMMENTS = YES;
				CLANG_WARN_EMPTY_BODY = YES;
				CLANG_WARN_ENUM_CONVERSION = YES;
				CLANG_WARN_INFINITE_RECURSION = YES;
				CLANG_WARN_INT_CONVERSION = YES;
				CLANG_WARN_NON_LITERAL_NULL_CONVERSION = YES;
				CLANG_WARN_OBJC_IMPLICIT_RETAIN_SELF = YES;
				CLANG_WARN_OBJC_LITERAL_CONVERSION = YES;
				CLANG_WARN_OBJC_ROOT_CLASS = YES_ERROR;
				CLANG_WARN_RANGE_LOOP_ANALYSIS = YES;
				CLANG_WARN_STRICT_PROTOTYPES = YES;
				CLANG_WARN_SUSPICIOUS_MOVE = YES;
				CLANG_WARN_UNGUARDED_AVAILABILITY = YES_AGGRESSIVE;
				CLANG_WARN_UNREACHABLE_CODE = YES;
				CLANG_WARN__DUPLICATE_METHOD_MATCH = YES;
				COPY_PHASE_STRIP = NO;
				DEBUG_INFORMATION_FORMAT = dwarf;
				ENABLE_STRICT_OBJC_MSGSEND = YES;
				ENABLE_TESTABILITY = YES;
				GCC_C_LANGUAGE_STANDARD = gnu11;
				GCC_DYNAMIC_NO_PIC = NO;
				GCC_NO_COMMON_BLOCKS = YES;
				GCC_OPTIMIZATION_LEVEL = 0;
				GCC_PREPROCESSOR_DEFINITIONS = (
					"DEBUG=1",
					"$(inherited)",
				);
				GCC_WARN_64_TO_32_BIT_CONVERSION = YES;
				GCC_WARN_ABOUT_RETURN_TYPE = YES_ERROR;
				GCC_WARN_UNDECLARED_SELECTOR = YES;
				GCC_WARN_UNINITIALIZED_AUTOS = YES_AGGRESSIVE;
				GCC_WARN_UNUSED_FUNCTION = YES;
				GCC_WARN_UNUSED_VARIABLE = YES;
				IPHONEOS_DEPLOYMENT_TARGET = 13.2;
				MTL_ENABLE_DEBUG_INFO = INCLUDE_SOURCE;
				MTL_FAST_MATH = YES;
				ONLY_ACTIVE_ARCH = YES;
				SDKROOT = iphoneos;
				SWIFT_ACTIVE_COMPILATION_CONDITIONS = DEBUG;
				SWIFT_OPTIMIZATION_LEVEL = "-Onone";
			};
			name = Debug;
		};
		456C11D923D5C93D006A7176 /* Release */ = {
			isa = XCBuildConfiguration;
			buildSettings = {
				ALWAYS_SEARCH_USER_PATHS = NO;
				CLANG_ANALYZER_NONNULL = YES;
				CLANG_ANALYZER_NUMBER_OBJECT_CONVERSION = YES_AGGRESSIVE;
				CLANG_CXX_LANGUAGE_STANDARD = "gnu++14";
				CLANG_CXX_LIBRARY = "libc++";
				CLANG_ENABLE_MODULES = YES;
				CLANG_ENABLE_OBJC_ARC = YES;
				CLANG_ENABLE_OBJC_WEAK = YES;
				CLANG_WARN_BLOCK_CAPTURE_AUTORELEASING = YES;
				CLANG_WARN_BOOL_CONVERSION = YES;
				CLANG_WARN_COMMA = YES;
				CLANG_WARN_CONSTANT_CONVERSION = YES;
				CLANG_WARN_DEPRECATED_OBJC_IMPLEMENTATIONS = YES;
				CLANG_WARN_DIRECT_OBJC_ISA_USAGE = YES_ERROR;
				CLANG_WARN_DOCUMENTATION_COMMENTS = YES;
				CLANG_WARN_EMPTY_BODY = YES;
				CLANG_WARN_ENUM_CONVERSION = YES;
				CLANG_WARN_INFINITE_RECURSION = YES;
				CLANG_WARN_INT_CONVERSION = YES;
				CLANG_WARN_NON_LITERAL_NULL_CONVERSION = YES;
				CLANG_WARN_OBJC_IMPLICIT_RETAIN_SELF = YES;
				CLANG_WARN_OBJC_LITERAL_CONVERSION = YES;
				CLANG_WARN_OBJC_ROOT_CLASS = YES_ERROR;
				CLANG_WARN_RANGE_LOOP_ANALYSIS = YES;
				CLANG_WARN_STRICT_PROTOTYPES = YES;
				CLANG_WARN_SUSPICIOUS_MOVE = YES;
				CLANG_WARN_UNGUARDED_AVAILABILITY = YES_AGGRESSIVE;
				CLANG_WARN_UNREACHABLE_CODE = YES;
				CLANG_WARN__DUPLICATE_METHOD_MATCH = YES;
				COPY_PHASE_STRIP = NO;
				DEBUG_INFORMATION_FORMAT = "dwarf-with-dsym";
				ENABLE_NS_ASSERTIONS = NO;
				ENABLE_STRICT_OBJC_MSGSEND = YES;
				GCC_C_LANGUAGE_STANDARD = gnu11;
				GCC_NO_COMMON_BLOCKS = YES;
				GCC_WARN_64_TO_32_BIT_CONVERSION = YES;
				GCC_WARN_ABOUT_RETURN_TYPE = YES_ERROR;
				GCC_WARN_UNDECLARED_SELECTOR = YES;
				GCC_WARN_UNINITIALIZED_AUTOS = YES_AGGRESSIVE;
				GCC_WARN_UNUSED_FUNCTION = YES;
				GCC_WARN_UNUSED_VARIABLE = YES;
				IPHONEOS_DEPLOYMENT_TARGET = 13.2;
				MTL_ENABLE_DEBUG_INFO = NO;
				MTL_FAST_MATH = YES;
				SDKROOT = iphoneos;
				SWIFT_COMPILATION_MODE = wholemodule;
				SWIFT_OPTIMIZATION_LEVEL = "-O";
				VALIDATE_PRODUCT = YES;
			};
			name = Release;
		};
		456C11DB23D5C93D006A7176 /* Debug */ = {
			isa = XCBuildConfiguration;
			buildSettings = {
				ASSETCATALOG_COMPILER_APPICON_NAME = AppIcon;
				CODE_SIGN_STYLE = Automatic;
				DEVELOPMENT_TEAM = LVR5UQEHBD;
				INFOPLIST_FILE = "CompositionalLayout-Basic-Sample/Other/Info.plist";
				IPHONEOS_DEPLOYMENT_TARGET = 13.0;
				LD_RUNPATH_SEARCH_PATHS = (
					"$(inherited)",
					"@executable_path/Frameworks",
				);
				PRODUCT_BUNDLE_IDENTIFIER = "com.kawahara.CompositionalLayout-Basic-Sample";
				PRODUCT_NAME = "$(TARGET_NAME)";
				SWIFT_VERSION = 5.0;
				TARGETED_DEVICE_FAMILY = 1;
			};
			name = Debug;
		};
		456C11DC23D5C93D006A7176 /* Release */ = {
			isa = XCBuildConfiguration;
			buildSettings = {
				ASSETCATALOG_COMPILER_APPICON_NAME = AppIcon;
				CODE_SIGN_STYLE = Automatic;
				DEVELOPMENT_TEAM = LVR5UQEHBD;
				INFOPLIST_FILE = "CompositionalLayout-Basic-Sample/Other/Info.plist";
				IPHONEOS_DEPLOYMENT_TARGET = 13.0;
				LD_RUNPATH_SEARCH_PATHS = (
					"$(inherited)",
					"@executable_path/Frameworks",
				);
				PRODUCT_BUNDLE_IDENTIFIER = "com.kawahara.CompositionalLayout-Basic-Sample";
				PRODUCT_NAME = "$(TARGET_NAME)";
				SWIFT_VERSION = 5.0;
				TARGETED_DEVICE_FAMILY = 1;
			};
			name = Release;
		};
/* End XCBuildConfiguration section */

/* Begin XCConfigurationList section */
		456C11C123D5C93A006A7176 /* Build configuration list for PBXProject "CompositionalLayout-Basic-Sample" */ = {
			isa = XCConfigurationList;
			buildConfigurations = (
				456C11D823D5C93D006A7176 /* Debug */,
				456C11D923D5C93D006A7176 /* Release */,
			);
			defaultConfigurationIsVisible = 0;
			defaultConfigurationName = Release;
		};
		456C11DA23D5C93D006A7176 /* Build configuration list for PBXNativeTarget "CompositionalLayout-Basic-Sample" */ = {
			isa = XCConfigurationList;
			buildConfigurations = (
				456C11DB23D5C93D006A7176 /* Debug */,
				456C11DC23D5C93D006A7176 /* Release */,
			);
			defaultConfigurationIsVisible = 0;
			defaultConfigurationName = Release;
		};
/* End XCConfigurationList section */
	};
	rootObject = 456C11BE23D5C93A006A7176 /* Project object */;
}
